<?xml version="1.0" encoding="utf-8"?>
<Project ToolsVersion="4.0" xmlns="http://schemas.microsoft.com/developer/msbuild/2003">
  <ItemGroup>
    <Filter Include="Sources">
      <UniqueIdentifier>{e2088d8e-caa7-4929-8f1f-edf789931421}</UniqueIdentifier>
    </Filter>
  </ItemGroup>
  <ItemGroup>
    <ClCompile Include="..\..\test\test.cpp">
      <Filter>Sources</Filter>
    </ClCompile>
  </ItemGroup>
</Project>