<?xml version="1.0" encoding="utf-8"?>
<Project ToolsVersion="4.0" xmlns="http://schemas.microsoft.com/developer/msbuild/2003">
  <ItemGroup>
    <Filter Include="Sources">
      <UniqueIdentifier>{81d6d227-3148-4f0b-92f5-152537976423}</UniqueIdentifier>
    </Filter>
  </ItemGroup>
  <ItemGroup>
    <ClCompile Include="..\..\src\hash.cpp">
      <Filter>Sources</Filter>
    </ClCompile>
    <ClCompile Include="..\..\src\oauth.cpp">
      <Filter>Sources</Filter>
    </ClCompile>
    <ClCompile Include="..\..\src\oauth_http.cpp">
      <Filter>Sources</Filter>
    </ClCompile>
    <ClCompile Include="..\..\src\sha1.c">
      <Filter>Sources</Filter>
    </ClCompile>
    <ClCompile Include="..\..\src\socket.cpp">
      <Filter>Sources</Filter>
    </ClCompile>
    <ClCompile Include="..\..\src\tinytwit.cpp">
      <Filter>Sources</Filter>
    </ClCompile>
  </ItemGroup>
  <ItemGroup>
    <ClInclude Include="..\..\src\oauth.h">
      <Filter>Sources</Filter>
    </ClInclude>
    <ClInclude Include="..\..\src\sha1.h">
      <Filter>Sources</Filter>
    </ClInclude>
    <ClInclude Include="..\..\src\socket.h">
      <Filter>Sources</Filter>
    </ClInclude>
    <ClInclude Include="..\..\src\tinytwit.h">
      <Filter>Sources</Filter>
    </ClInclude>
  </ItemGroup>
</Project>